
Microsoft Visual Studio Solution File, Format Version 12.00
# Visual Studio Version 16
VisualStudioVersion = 16.0.28803.156
MinimumVisualStudioVersion = 10.0.40219.1
Project("{FAE04EC0-301F-11D3-BF4B-00C04F79EFBC}") = "MusicRecogniser", "MusicRecogniser\MusicRecogniser.csproj", "{29F8EE0B-EA49-4162-9E64-3CA1502A8AFE}"
EndProject
Global
	GlobalSection(SolutionConfigurationPlatforms) = preSolution
		Debug|Any CPU = Debug|Any CPU
		Release|Any CPU = Release|Any CPU
	EndGlobalSection
	GlobalSection(ProjectConfigurationPlatforms) = postSolution
		{29F8EE0B-EA49-4162-9E64-3CA1502A8AFE}.Debug|Any CPU.ActiveCfg = Debug|Any CPU
		{29F8EE0B-EA49-4162-9E64-3CA1502A8AFE}.Debug|Any CPU.Build.0 = Debug|Any CPU
		{29F8EE0B-EA49-4162-9E64-3CA1502A8AFE}.Release|Any CPU.ActiveCfg = Release|Any CPU
		{29F8EE0B-EA49-4162-9E64-3CA1502A8AFE}.Release|Any CPU.Build.0 = Release|Any CPU
	EndGlobalSection
	GlobalSection(SolutionProperties) = preSolution
		HideSolutionNode = FALSE
	EndGlobalSection
	GlobalSection(ExtensibilityGlobals) = postSolution
		SolutionGuid = {9CE13796-D3FA-44BA-A3D2-548AD6C1A2F7}
	EndGlobalSection
EndGlobal
